
Microsoft Visual Studio Solution File, Format Version 12.00
# Visual Studio Version 17
VisualStudioVersion = 17.14.36717.8 d17.14
MinimumVisualStudioVersion = 10.0.40219.1
Project("{FAE04EC0-301F-11D3-BF4B-00C04F79EFBC}") = "Caculator_SDD", "Caculator_SDD\Caculator_SDD.csproj", "{304E79F1-6276-4F28-9A57-9DB1067A5381}"
EndProject
Project("{FAE04EC0-301F-11D3-BF4B-00C04F79EFBC}") = "Calculator.Tests", "Calculator.Tests\Calculator.Tests.csproj", "{CF473249-33BE-4883-AA8E-16CB9B1BD3C1}"
EndProject
Global
	GlobalSection(SolutionConfigurationPlatforms) = preSolution
		Debug|ARM64 = Debug|ARM64
		Debug|x64 = Debug|x64
		Debug|x86 = Debug|x86
		Release|ARM64 = Release|ARM64
		Release|x64 = Release|x64
		Release|x86 = Release|x86
	EndGlobalSection
	GlobalSection(ProjectConfigurationPlatforms) = postSolution
		{304E79F1-6276-4F28-9A57-9DB1067A5381}.Debug|ARM64.ActiveCfg = Debug|ARM64
		{304E79F1-6276-4F28-9A57-9DB1067A5381}.Debug|ARM64.Build.0 = Debug|ARM64
		{304E79F1-6276-4F28-9A57-9DB1067A5381}.Debug|ARM64.Deploy.0 = Debug|ARM64
		{304E79F1-6276-4F28-9A57-9DB1067A5381}.Debug|x64.ActiveCfg = Debug|x64
		{304E79F1-6276-4F28-9A57-9DB1067A5381}.Debug|x64.Build.0 = Debug|x64
		{304E79F1-6276-4F28-9A57-9DB1067A5381}.Debug|x64.Deploy.0 = Debug|x64
		{304E79F1-6276-4F28-9A57-9DB1067A5381}.Debug|x86.ActiveCfg = Debug|x86
		{304E79F1-6276-4F28-9A57-9DB1067A5381}.Debug|x86.Build.0 = Debug|x86
		{304E79F1-6276-4F28-9A57-9DB1067A5381}.Debug|x86.Deploy.0 = Debug|x86
		{304E79F1-6276-4F28-9A57-9DB1067A5381}.Release|ARM64.ActiveCfg = Release|ARM64
		{304E79F1-6276-4F28-9A57-9DB1067A5381}.Release|ARM64.Build.0 = Release|ARM64
		{304E79F1-6276-4F28-9A57-9DB1067A5381}.Release|ARM64.Deploy.0 = Release|ARM64
		{304E79F1-6276-4F28-9A57-9DB1067A5381}.Release|x64.ActiveCfg = Release|x64
		{304E79F1-6276-4F28-9A57-9DB1067A5381}.Release|x64.Build.0 = Release|x64
		{304E79F1-6276-4F28-9A57-9DB1067A5381}.Release|x64.Deploy.0 = Release|x64
		{304E79F1-6276-4F28-9A57-9DB1067A5381}.Release|x86.ActiveCfg = Release|x86
		{304E79F1-6276-4F28-9A57-9DB1067A5381}.Release|x86.Build.0 = Release|x86
		{304E79F1-6276-4F28-9A57-9DB1067A5381}.Release|x86.Deploy.0 = Release|x86
		{CF473249-33BE-4883-AA8E-16CB9B1BD3C1}.Debug|ARM64.ActiveCfg = Debug|Any CPU
		{CF473249-33BE-4883-AA8E-16CB9B1BD3C1}.Debug|ARM64.Build.0 = Debug|Any CPU
		{CF473249-33BE-4883-AA8E-16CB9B1BD3C1}.Debug|x64.ActiveCfg = Debug|Any CPU
		{CF473249-33BE-4883-AA8E-16CB9B1BD3C1}.Debug|x64.Build.0 = Debug|Any CPU
		{CF473249-33BE-4883-AA8E-16CB9B1BD3C1}.Debug|x86.ActiveCfg = Debug|Any CPU
		{CF473249-33BE-4883-AA8E-16CB9B1BD3C1}.Debug|x86.Build.0 = Debug|Any CPU
		{CF473249-33BE-4883-AA8E-16CB9B1BD3C1}.Release|ARM64.ActiveCfg = Release|Any CPU
		{CF473249-33BE-4883-AA8E-16CB9B1BD3C1}.Release|ARM64.Build.0 = Release|Any CPU
		{CF473249-33BE-4883-AA8E-16CB9B1BD3C1}.Release|x64.ActiveCfg = Release|Any CPU
		{CF473249-33BE-4883-AA8E-16CB9B1BD3C1}.Release|x64.Build.0 = Release|Any CPU
		{CF473249-33BE-4883-AA8E-16CB9B1BD3C1}.Release|x86.ActiveCfg = Release|Any CPU
		{CF473249-33BE-4883-AA8E-16CB9B1BD3C1}.Release|x86.Build.0 = Release|Any CPU
	EndGlobalSection
	GlobalSection(SolutionProperties) = preSolution
		HideSolutionNode = FALSE
	EndGlobalSection
	GlobalSection(ExtensibilityGlobals) = postSolution
		SolutionGuid = {43EEC4D4-33F0-4EFB-B691-08AC5A2321EB}
	EndGlobalSection
EndGlobal
